{
  "nodes": {
    "bufdelete-nvim": {
      "flake": false,
      "locked": {
        "lastModified": 1670152487,
        "narHash": "sha256-QRSGD0RJ0Jmee43ODr+d4JXEyMHo/UklpUyezGJqWyE=",
        "owner": "famiu",
        "repo": "bufdelete.nvim",
        "rev": "f79e9d186b42fba5f1b1362006e7c70240db97a4",
        "type": "github"
      },
      "original": {
        "owner": "famiu",
        "repo": "bufdelete.nvim",
        "type": "github"
      }
    },
    "catppuccin": {
      "flake": false,
      "locked": {
        "lastModified": 1674332490,
        "narHash": "sha256-sio96muUD8KVnJeFZPWYcmXK1cJQfrSExahEoWVaK7Q=",
        "owner": "catppuccin",
        "repo": "nvim",
        "rev": "6368edcd0b5e5cb5d9fb7cdee9d62cffe3e14f0e",
        "type": "github"
      },
      "original": {
        "owner": "catppuccin",
        "repo": "nvim",
        "type": "github"
      }
    },
    "cellular-automaton": {
      "flake": false,
      "locked": {
        "lastModified": 1674255269,
        "narHash": "sha256-R0Y8/2HvJFpH5wfsOjv645GReo4+mUef7d2X8HIpgIE=",
        "owner": "Eandrju",
        "repo": "cellular-automaton.nvim",
        "rev": "f006ca91972f69056f92e0217d317fc99458753f",
        "type": "github"
      },
      "original": {
        "owner": "Eandrju",
        "repo": "cellular-automaton.nvim",
        "type": "github"
      }
    },
    "cmp-buffer": {
      "flake": false,
      "locked": {
        "lastModified": 1660101488,
        "narHash": "sha256-dG4U7MtnXThoa/PD+qFtCt76MQ14V1wX8GMYcvxEnbM=",
        "owner": "hrsh7th",
        "repo": "cmp-buffer",
        "rev": "3022dbc9166796b644a841a02de8dd1cc1d311fa",
        "type": "github"
      },
      "original": {
        "owner": "hrsh7th",
        "repo": "cmp-buffer",
        "type": "github"
      }
    },
    "cmp-nvim-lsp": {
      "flake": false,
      "locked": {
        "lastModified": 1668566979,
        "narHash": "sha256-Mqkp8IH/laUx0cK7S0BjusTT+OtOOJOamZM4+93RHdU=",
        "owner": "hrsh7th",
        "repo": "cmp-nvim-lsp",
        "rev": "59224771f91b86d1de12570b4070fe4ad7cd1eeb",
        "type": "github"
      },
      "original": {
        "owner": "hrsh7th",
        "repo": "cmp-nvim-lsp",
        "type": "github"
      }
    },
    "cmp-path": {
      "flake": false,
      "locked": {
        "lastModified": 1664784283,
        "narHash": "sha256-thppiiV3wjIaZnAXmsh7j3DUc6ceSCvGzviwFUnoPaI=",
        "owner": "hrsh7th",
        "repo": "cmp-path",
        "rev": "91ff86cd9c29299a64f968ebb45846c485725f23",
        "type": "github"
      },
      "original": {
        "owner": "hrsh7th",
        "repo": "cmp-path",
        "type": "github"
      }
    },
    "cmp-treesitter": {
      "flake": false,
      "locked": {
        "lastModified": 1666995820,
        "narHash": "sha256-+dOqV9QqN+s1no8vfL6DNeFBc2dYyduQqAH5zVwm3Rw=",
        "owner": "ray-x",
        "repo": "cmp-treesitter",
        "rev": "b40178b780d547bcf131c684bc5fd41af17d05f2",
        "type": "github"
      },
      "original": {
        "owner": "ray-x",
        "repo": "cmp-treesitter",
        "type": "github"
      }
    },
    "crates-nvim": {
      "flake": false,
      "locked": {
        "lastModified": 1673621548,
        "narHash": "sha256-WtwmsCl0KZLtsYyFEFPq2aRiZwJX9UJfg+XSHQ6yp9k=",
        "owner": "Saecki",
        "repo": "crates.nvim",
        "rev": "707ed7d6f8927a5ec0c241aa793f694f1b05f731",
        "type": "github"
      },
      "original": {
        "owner": "Saecki",
        "repo": "crates.nvim",
        "type": "github"
      }
    },
    "flake-utils": {
      "locked": {
        "lastModified": 1667395993,
        "narHash": "sha256-nuEHfE/LcWyuSWnS8t12N1wc105Qtau+/OdUAjtQ0rA=",
        "owner": "numtide",
        "repo": "flake-utils",
        "rev": "5aed5285a952e0b949eb3ba02c12fa4fcfef535f",
        "type": "github"
      },
      "original": {
        "owner": "numtide",
        "repo": "flake-utils",
        "type": "github"
      }
    },
    "flake-utils_2": {
      "locked": {
        "lastModified": 1667395993,
        "narHash": "sha256-nuEHfE/LcWyuSWnS8t12N1wc105Qtau+/OdUAjtQ0rA=",
        "owner": "numtide",
        "repo": "flake-utils",
        "rev": "5aed5285a952e0b949eb3ba02c12fa4fcfef535f",
        "type": "github"
      },
      "original": {
        "owner": "numtide",
        "repo": "flake-utils",
        "type": "github"
      }
    },
    "flake-utils_3": {
      "locked": {
        "lastModified": 1667395993,
        "narHash": "sha256-nuEHfE/LcWyuSWnS8t12N1wc105Qtau+/OdUAjtQ0rA=",
        "owner": "numtide",
        "repo": "flake-utils",
        "rev": "5aed5285a952e0b949eb3ba02c12fa4fcfef535f",
        "type": "github"
      },
      "original": {
        "owner": "numtide",
        "repo": "flake-utils",
        "type": "github"
      }
    },
    "fugitive": {
      "flake": false,
      "locked": {
        "lastModified": 1673924678,
        "narHash": "sha256-QyjVvLdGLiF5K2IB2mgzxK9MdLuoTmvyY5LTXqyGX1o=",
        "owner": "tpope",
        "repo": "vim-fugitive",
        "rev": "2febbe1f00be04f16daa6464cb39214a8566ec4b",
        "type": "github"
      },
      "original": {
        "owner": "tpope",
        "repo": "vim-fugitive",
        "type": "github"
      }
    },
    "gitsigns-nvim": {
      "flake": false,
      "locked": {
        "lastModified": 1674230810,
        "narHash": "sha256-4ntBYDHw5DMAyqb6FIt4LUmlRyCLywO0F939JvNQdqY=",
        "owner": "lewis6991",
        "repo": "gitsigns.nvim",
        "rev": "7b37bd5c2dd4d7abc86f2af096af79120608eeca",
        "type": "github"
      },
      "original": {
        "owner": "lewis6991",
        "repo": "gitsigns.nvim",
        "type": "github"
      }
    },
    "glow-nvim": {
      "flake": false,
      "locked": {
        "lastModified": 1673727049,
        "narHash": "sha256-WTP0WAOZbC50QE3l7pzfWoGZ3x8Q4R+owm+qI4HHPiw=",
        "owner": "ellisonleao",
        "repo": "glow.nvim",
        "rev": "c88184a0bbd3e32e0274ad8c3782aba718f1053c",
        "type": "github"
      },
      "original": {
        "owner": "ellisonleao",
        "repo": "glow.nvim",
        "type": "github"
      }
    },
    "hop": {
      "flake": false,
      "locked": {
        "lastModified": 1667151642,
        "narHash": "sha256-UZZlo5n1x8UfM9OP7RHfT3sFRfMpLkBLbEdcSO+SU6E=",
        "owner": "phaazon",
        "repo": "hop.nvim",
        "rev": "90db1b2c61b820e230599a04fedcd2679e64bd07",
        "type": "github"
      },
      "original": {
        "owner": "phaazon",
        "repo": "hop.nvim",
        "type": "github"
      }
    },
    "indent-blankline": {
      "flake": false,
      "locked": {
        "lastModified": 1670461953,
        "narHash": "sha256-BvRE4l10Ruz3j4JJwSAKuE9M3vd1blDbEHHlwIB2Vs0=",
        "owner": "lukas-reineke",
        "repo": "indent-blankline.nvim",
        "rev": "c4c203c3e8a595bc333abaf168fcb10c13ed5fb7",
        "type": "github"
      },
      "original": {
        "owner": "lukas-reineke",
        "repo": "indent-blankline.nvim",
        "type": "github"
      }
    },
    "kommentary": {
      "flake": false,
      "locked": {
        "lastModified": 1672983049,
        "narHash": "sha256-N4n5tjNB1yX/QxH+t5aG0VxNwZhUJejv0b5V62WEKDU=",
        "owner": "b3nj5m1n",
        "repo": "kommentary",
        "rev": "3a80117148c6798972bb69414423311ab151d368",
        "type": "github"
      },
      "original": {
        "owner": "b3nj5m1n",
        "repo": "kommentary",
        "type": "github"
      }
    },
    "lsp-signature": {
      "flake": false,
      "locked": {
        "lastModified": 1674304218,
        "narHash": "sha256-SStJzvNQcsIC06/NCWUB1hBp2lekK6eveXJr3pLmbE0=",
        "owner": "ray-x",
        "repo": "lsp_signature.nvim",
        "rev": "b86f249cba85ec2f0f74c62b65898bade00b4413",
        "type": "github"
      },
      "original": {
        "owner": "ray-x",
        "repo": "lsp_signature.nvim",
        "type": "github"
      }
    },
    "lspkind": {
      "flake": false,
      "locked": {
        "lastModified": 1663824370,
        "narHash": "sha256-WwUQ+O2rIfD4yl0GFx70GsZc9nnhS7b2KWfNdaXCLmM=",
        "owner": "onsails",
        "repo": "lspkind-nvim",
        "rev": "c68b3a003483cf382428a43035079f78474cd11e",
        "type": "github"
      },
      "original": {
        "owner": "onsails",
        "repo": "lspkind-nvim",
        "type": "github"
      }
    },
    "lspsaga": {
      "flake": false,
      "locked": {
        "lastModified": 1670360222,
        "narHash": "sha256-7ENInq3LAPPTdm0Fb7klOc630j8m4LRj1kLZZFYLh68=",
        "owner": "tami5",
        "repo": "lspsaga.nvim",
        "rev": "5faeec9f2508d2d49a66c0ac0d191096b4e3fa81",
        "type": "github"
      },
      "original": {
        "owner": "tami5",
        "repo": "lspsaga.nvim",
        "type": "github"
      }
    },
    "lualine": {
      "flake": false,
      "locked": {
        "lastModified": 1673418538,
        "narHash": "sha256-3I9og+/lVRFJSpDVFwp2AM5bMqeP1KF8XB8Nyfpwhok=",
        "owner": "hoob3rt",
        "repo": "lualine.nvim",
        "rev": "0050b308552e45f7128f399886c86afefc3eb988",
        "type": "github"
      },
      "original": {
        "owner": "hoob3rt",
        "repo": "lualine.nvim",
        "type": "github"
      }
    },
    "mind-nvim": {
      "flake": false,
      "locked": {
        "lastModified": 1665313334,
        "narHash": "sha256-M2H8ChUWTdFAUC5omA4KNzRQCgh4bb1PHcOn63U7wMo=",
        "owner": "gvolpe",
        "repo": "mind.nvim",
        "rev": "2e40883c9e75ac4e5e178dd3a38f1280c2469b7e",
        "type": "github"
      },
      "original": {
        "owner": "gvolpe",
        "repo": "mind.nvim",
        "type": "github"
      }
    },
    "neovim-nightly-flake": {
      "inputs": {
        "flake-utils": "flake-utils_2",
        "nixpkgs": [
          "nixpkgs-neovim"
        ]
      },
      "locked": {
        "dir": "contrib",
        "lastModified": 1674357598,
        "narHash": "sha256-6ukUxxS+cvSbsioJwkYiqpl4cDZkWi/KyII0OMJLgdc=",
        "owner": "neovim",
        "repo": "neovim",
        "rev": "18fb669b9be1e7dac73dc3d97c2e3e7fd4013099",
        "type": "github"
      },
      "original": {
        "dir": "contrib",
        "owner": "neovim",
        "repo": "neovim",
        "type": "github"
      }
    },
    "nightfox": {
      "flake": false,
      "locked": {
        "lastModified": 1674083180,
        "narHash": "sha256-W7qg4Ch3C6SILrGH4zBPXeic7wD/4mNsTqMa9hXFAwc=",
        "owner": "EdenEast",
        "repo": "nightfox.nvim",
        "rev": "97e66dfaaecdc81f1dd7da00f8d4a6033f3bf6b2",
        "type": "github"
      },
      "original": {
        "owner": "EdenEast",
        "repo": "nightfox.nvim",
        "type": "github"
      }
    },
    "nixpkgs": {
      "locked": {
        "lastModified": 1674236650,
        "narHash": "sha256-B4GKL1YdJnII6DQNNJ4wDW1ySJVx2suB1h/v4Ql8J0Q=",
        "owner": "nixos",
        "repo": "nixpkgs",
        "rev": "cfb43ad7b941d9c3606fb35d91228da7ebddbfc5",
        "type": "github"
      },
      "original": {
        "owner": "nixos",
        "ref": "nixpkgs-unstable",
        "repo": "nixpkgs",
        "type": "github"
      }
    },
    "nixpkgs-neovim": {
      "locked": {
        "lastModified": 1671983799,
        "narHash": "sha256-Z2Ro6hFPZHkBqkVXY5/aBUzxi5xizQGvuHQ9+T5B/ks=",
        "owner": "nixos",
        "repo": "nixpkgs",
        "rev": "fad51abd42ca17a60fc1d4cb9382e2d79ae31836",
        "type": "github"
      },
      "original": {
        "owner": "nixos",
        "repo": "nixpkgs",
        "rev": "fad51abd42ca17a60fc1d4cb9382e2d79ae31836",
        "type": "github"
      }
    },
    "nixpkgs_2": {
      "locked": {
        "lastModified": 1674236650,
        "narHash": "sha256-B4GKL1YdJnII6DQNNJ4wDW1ySJVx2suB1h/v4Ql8J0Q=",
        "owner": "NixOS",
        "repo": "nixpkgs",
        "rev": "cfb43ad7b941d9c3606fb35d91228da7ebddbfc5",
        "type": "github"
      },
      "original": {
        "id": "nixpkgs",
        "type": "indirect"
      }
    },
    "nmd": {
      "locked": {
        "lastModified": 1672240039,
        "narHash": "sha256-lmct89fYDOr9YdWVvdJgklv/7WttRSiDAkoi2cvvAW4=",
        "owner": "gvolpe",
        "repo": "nmd",
        "rev": "a59e840c2e8d54415485f349760e1350cb80d911",
        "type": "github"
      },
      "original": {
        "owner": "gvolpe",
        "repo": "nmd",
        "type": "github"
      }
    },
    "null-ls": {
      "flake": false,
      "locked": {
        "lastModified": 1674229858,
        "narHash": "sha256-AzdjMymqIr/wE4Rt/N+vpqIDDgmJlC3LamhuOwYqytI=",
        "owner": "jose-elias-alvarez",
        "repo": "null-ls.nvim",
        "rev": "33cfeb7a761f08e8535dca722d4b237cabadd371",
        "type": "github"
      },
      "original": {
        "owner": "jose-elias-alvarez",
        "repo": "null-ls.nvim",
        "type": "github"
      }
    },
    "nvim-autopairs": {
      "flake": false,
      "locked": {
        "lastModified": 1674262640,
        "narHash": "sha256-wQjcJgyBmEeS7yrhQ29rUjzdfAVk1vikOVG0g2rlPMo=",
        "owner": "windwp",
        "repo": "nvim-autopairs",
        "rev": "31042a5823b55c4bfb30efcbba2fc1b5b53f90dc",
        "type": "github"
      },
      "original": {
        "owner": "windwp",
        "repo": "nvim-autopairs",
        "type": "github"
      }
    },
    "nvim-blame-line": {
      "flake": false,
      "locked": {
        "lastModified": 1651676199,
        "narHash": "sha256-qDGr6+kxls9y7Ov4Lgp6soZF2M4FbAvQB/sxXtFCHKo=",
        "owner": "tveskag",
        "repo": "nvim-blame-line",
        "rev": "b3d94f0ed5882d3d1c843c69788b9670476e1f42",
        "type": "github"
      },
      "original": {
        "owner": "tveskag",
        "repo": "nvim-blame-line",
        "type": "github"
      }
    },
    "nvim-bufferline": {
      "flake": false,
      "locked": {
        "lastModified": 1671876022,
        "narHash": "sha256-q8nwZRN97Sfrr7lHtNYwGdbS63obMOAxFFs/gSvqbqM=",
        "owner": "akinsho",
        "repo": "bufferline.nvim",
        "rev": "c7492a76ce8218e3335f027af44930576b561013",
        "type": "github"
      },
      "original": {
        "owner": "akinsho",
        "repo": "bufferline.nvim",
        "type": "github"
      }
    },
    "nvim-cmp": {
      "flake": false,
      "locked": {
        "lastModified": 1672986556,
        "narHash": "sha256-3zPU7WsCow4t0LcG5AGOPEEtVyRZDvo6epzVc9MOGZ0=",
        "owner": "hrsh7th",
        "repo": "nvim-cmp",
        "rev": "11a95792a5be0f5a40bab5fc5b670e5b1399a939",
        "type": "github"
      },
      "original": {
        "owner": "hrsh7th",
        "repo": "nvim-cmp",
        "type": "github"
      }
    },
    "nvim-code-action-menu": {
      "flake": false,
      "locked": {
        "lastModified": 1671523188,
        "narHash": "sha256-7szx+Me6WhrANbmfQ6C6gfSVB2owd02b3iZYhz7K6wY=",
        "owner": "weilbith",
        "repo": "nvim-code-action-menu",
        "rev": "e4399dbaf6eabff998d3d5f1cbcd8d9933710027",
        "type": "github"
      },
      "original": {
        "owner": "weilbith",
        "repo": "nvim-code-action-menu",
        "type": "github"
      }
    },
    "nvim-compe": {
      "flake": false,
      "locked": {
        "lastModified": 1633188506,
        "narHash": "sha256-Y2oqvsuAKM3qjmmtJVD9z34682eCRF25kPL+rxhhg7I=",
        "owner": "hrsh7th",
        "repo": "nvim-compe",
        "rev": "d186d739c54823e0b010feb205c6f97792322c08",
        "type": "github"
      },
      "original": {
        "owner": "hrsh7th",
        "repo": "nvim-compe",
        "type": "github"
      }
    },
    "nvim-cursorline": {
      "flake": false,
      "locked": {
        "lastModified": 1650034925,
        "narHash": "sha256-Uhw65p1KBjs8KsVOmTzuiu3XKclxBob8AVdWEt30C/8=",
        "owner": "yamatsum",
        "repo": "nvim-cursorline",
        "rev": "804f0023692653b2b2368462d67d2a87056947f9",
        "type": "github"
      },
      "original": {
        "owner": "yamatsum",
        "repo": "nvim-cursorline",
        "type": "github"
      }
    },
    "nvim-lightbulb": {
      "flake": false,
      "locked": {
        "lastModified": 1661474119,
        "narHash": "sha256-nw6H/dS4dHdrobnrfJVa8urWrMnbTWrA5bQJy9xbKXY=",
        "owner": "kosayoda",
        "repo": "nvim-lightbulb",
        "rev": "56b9ce31ec9d09d560fe8787c0920f76bc208297",
        "type": "github"
      },
      "original": {
        "owner": "kosayoda",
        "repo": "nvim-lightbulb",
        "type": "github"
      }
    },
    "nvim-lspconfig": {
      "flake": false,
      "locked": {
        "lastModified": 1674357856,
        "narHash": "sha256-A/FT8hFrmDisjSlz+4jYf9iDuP+OZseJwag8lYnDDjo=",
        "owner": "neovim",
        "repo": "nvim-lspconfig",
        "rev": "85cd2ecacd8805614efe3fb3a5146ac7d0f88a17",
        "type": "github"
      },
      "original": {
        "owner": "neovim",
        "repo": "nvim-lspconfig",
        "type": "github"
      }
    },
    "nvim-neoclip": {
      "flake": false,
      "locked": {
        "lastModified": 1673910599,
        "narHash": "sha256-Yi/6mODdS2Ote5/zumzcUzkhDbQ3m9jUvxT+jZ/+UqA=",
        "owner": "AckslD",
        "repo": "nvim-neoclip.lua",
        "rev": "5b9286a40ea2020352280caeb713515badb03d99",
        "type": "github"
      },
      "original": {
        "owner": "AckslD",
        "repo": "nvim-neoclip.lua",
        "type": "github"
      }
    },
    "nvim-tree-lua": {
      "flake": false,
      "locked": {
        "lastModified": 1674274878,
        "narHash": "sha256-lrU2p0qqCKS9aaf30OwBX741ouAR878mr2Lgbtbn74w=",
        "owner": "kyazdani42",
        "repo": "nvim-tree.lua",
        "rev": "96506fee49542f3aedab76368d400a147fea344e",
        "type": "github"
      },
      "original": {
        "owner": "kyazdani42",
        "repo": "nvim-tree.lua",
        "type": "github"
      }
    },
    "nvim-treesitter": {
      "flake": false,
      "locked": {
        "lastModified": 1674376459,
        "narHash": "sha256-MdSpzl2NEZmM1nTDUSCTg+8NX7mn8e74nGnQCJXs4pM=",
        "owner": "nvim-treesitter",
        "repo": "nvim-treesitter",
        "rev": "e42a077fdf83f5ee05dd52025d26f8d70f973c49",
        "type": "github"
      },
      "original": {
        "owner": "nvim-treesitter",
        "repo": "nvim-treesitter",
        "type": "github"
      }
    },
    "nvim-treesitter-context": {
      "flake": false,
      "locked": {
        "lastModified": 1652175020,
        "narHash": "sha256-dYw/Y6+Eni7gTSjvCCl7E6ho8xSTxDYAwH3xGEhf54Q=",
        "owner": "lewis6991",
        "repo": "nvim-treesitter-context",
        "rev": "c931a3136a696c1827eda78ac678aea542115bd0",
        "type": "github"
      },
      "original": {
        "owner": "lewis6991",
        "repo": "nvim-treesitter-context",
        "type": "github"
      }
    },
    "nvim-ts-autotag": {
      "flake": false,
      "locked": {
        "lastModified": 1660219579,
        "narHash": "sha256-ltGiYNXWpWSI5RrWTVR+k6SZjcZbsHtH5m9uHTMKnzM=",
        "owner": "windwp",
        "repo": "nvim-ts-autotag",
        "rev": "fdefe46c6807441460f11f11a167a2baf8e4534b",
        "type": "github"
      },
      "original": {
        "owner": "windwp",
        "repo": "nvim-ts-autotag",
        "type": "github"
      }
    },
    "nvim-ufo": {
      "flake": false,
      "locked": {
        "lastModified": 1673604684,
        "narHash": "sha256-5WdqZJlEzcHsK34fS+stC2c+izyR92YbpLPgBmRH19w=",
        "owner": "kevinhwang91",
        "repo": "nvim-ufo",
        "rev": "e3528c9b7ca20e9e0d69d588037f484257f0d652",
        "type": "github"
      },
      "original": {
        "owner": "kevinhwang91",
        "repo": "nvim-ufo",
        "type": "github"
      }
    },
    "nvim-web-devicons": {
      "flake": false,
      "locked": {
        "lastModified": 1674342727,
        "narHash": "sha256-Go8s+SucEIj7TjgzJPdrvN6auTR9VRIoQd63QM3vER8=",
        "owner": "kyazdani42",
        "repo": "nvim-web-devicons",
        "rev": "13d06d74afad093d8312fe051633b55f24049c16",
        "type": "github"
      },
      "original": {
        "owner": "kyazdani42",
        "repo": "nvim-web-devicons",
        "type": "github"
      }
    },
    "onedark": {
      "flake": false,
      "locked": {
        "lastModified": 1674128456,
        "narHash": "sha256-+0o32kO5lgvC2AIS7mPJ6eY/F7EWhdscZ/snkoy/TFc=",
        "owner": "navarasu",
        "repo": "onedark.nvim",
        "rev": "f0a70e0993acbb348c32a52a88058cc60c160992",
        "type": "github"
      },
      "original": {
        "owner": "navarasu",
        "repo": "onedark.nvim",
        "type": "github"
      }
    },
    "plenary-nvim": {
      "flake": false,
      "locked": {
        "lastModified": 1673361461,
        "narHash": "sha256-UWrp5ZoDRhOXSMsHZxrZHPfqBtgnKWf9SA8ChIVKF4o=",
        "owner": "nvim-lua",
        "repo": "plenary.nvim",
        "rev": "1c7e3e6b0f4dd5a174fcea9fda8a4d7de593b826",
        "type": "github"
      },
      "original": {
        "owner": "nvim-lua",
        "repo": "plenary.nvim",
        "type": "github"
      }
    },
    "promise-async": {
      "flake": false,
      "locked": {
        "lastModified": 1672924427,
        "narHash": "sha256-SHARnaeYPTVZEzhaOpbRhApelvx6zGCM5oCJCPk4Kd8=",
        "owner": "kevinhwang91",
        "repo": "promise-async",
        "rev": "842dca33e6b1af7bedcefc72cffbc807d54dbfca",
        "type": "github"
      },
      "original": {
        "owner": "kevinhwang91",
        "repo": "promise-async",
        "type": "github"
      }
    },
    "registers": {
      "flake": false,
      "locked": {
        "lastModified": 1671111037,
        "narHash": "sha256-puQwsmi07lLgBDvo7lqHH+sr4ePzgrStD+4Zqya6VUg=",
        "owner": "tversteeg",
        "repo": "registers.nvim",
        "rev": "667ae447d2c7efb64461a2c58f5311d1248cdb5f",
        "type": "github"
      },
      "original": {
        "owner": "tversteeg",
        "repo": "registers.nvim",
        "type": "github"
      }
    },
    "root": {
      "inputs": {
        "bufdelete-nvim": "bufdelete-nvim",
        "catppuccin": "catppuccin",
        "cellular-automaton": "cellular-automaton",
        "cmp-buffer": "cmp-buffer",
        "cmp-nvim-lsp": "cmp-nvim-lsp",
        "cmp-path": "cmp-path",
        "cmp-treesitter": "cmp-treesitter",
        "crates-nvim": "crates-nvim",
        "flake-utils": "flake-utils",
        "fugitive": "fugitive",
        "gitsigns-nvim": "gitsigns-nvim",
        "glow-nvim": "glow-nvim",
        "hop": "hop",
        "indent-blankline": "indent-blankline",
        "kommentary": "kommentary",
        "lsp-signature": "lsp-signature",
        "lspkind": "lspkind",
        "lspsaga": "lspsaga",
        "lualine": "lualine",
        "mind-nvim": "mind-nvim",
        "neovim-nightly-flake": "neovim-nightly-flake",
        "nightfox": "nightfox",
        "nixpkgs": "nixpkgs",
        "nixpkgs-neovim": "nixpkgs-neovim",
        "nmd": "nmd",
        "null-ls": "null-ls",
        "nvim-autopairs": "nvim-autopairs",
        "nvim-blame-line": "nvim-blame-line",
        "nvim-bufferline": "nvim-bufferline",
        "nvim-cmp": "nvim-cmp",
        "nvim-code-action-menu": "nvim-code-action-menu",
        "nvim-compe": "nvim-compe",
        "nvim-cursorline": "nvim-cursorline",
        "nvim-lightbulb": "nvim-lightbulb",
        "nvim-lspconfig": "nvim-lspconfig",
        "nvim-neoclip": "nvim-neoclip",
        "nvim-tree-lua": "nvim-tree-lua",
        "nvim-treesitter": "nvim-treesitter",
        "nvim-treesitter-context": "nvim-treesitter-context",
        "nvim-ts-autotag": "nvim-ts-autotag",
        "nvim-ufo": "nvim-ufo",
        "nvim-web-devicons": "nvim-web-devicons",
        "onedark": "onedark",
        "plenary-nvim": "plenary-nvim",
        "promise-async": "promise-async",
        "registers": "registers",
        "rosepine": "rosepine",
        "rust-tools": "rust-tools",
        "sqls-nvim": "sqls-nvim",
        "telescope": "telescope",
        "todo-comments": "todo-comments",
        "tokyonight": "tokyonight",
        "trouble": "trouble",
        "ts-build": "ts-build",
        "vim-alloy": "vim-alloy",
        "vim-plantuml": "vim-plantuml",
        "vimagit": "vimagit"
      }
    },
    "rosepine": {
      "flake": false,
      "locked": {
        "lastModified": 1674007771,
        "narHash": "sha256-7I56dW46Ctmo3yNlCMAuwBFDLYvXNZo3wxB8GUAfMKE=",
        "owner": "rose-pine",
        "repo": "neovim",
        "rev": "845a6ad5443e3559dde42910c4523a5835c9233b",
        "type": "github"
      },
      "original": {
        "owner": "rose-pine",
        "repo": "neovim",
        "type": "github"
      }
    },
    "rust-tools": {
      "flake": false,
      "locked": {
        "lastModified": 1673136837,
        "narHash": "sha256-+/kK6MU2EiSBFbfqQJwLkJICXZpf8oiShbcvsls3V8A=",
        "owner": "simrat39",
        "repo": "rust-tools.nvim",
        "rev": "df584e84393ef255f5b8cbd709677d6a3a5bf42f",
        "type": "github"
      },
      "original": {
        "owner": "simrat39",
        "repo": "rust-tools.nvim",
        "type": "github"
      }
    },
    "sqls-nvim": {
      "flake": false,
      "locked": {
        "lastModified": 1657291129,
        "narHash": "sha256-tatUEAI8EVXDYQPAAZ5+38YOPWb8Ei9VHCzHp+AyRjc=",
        "owner": "nanotee",
        "repo": "sqls.nvim",
        "rev": "a0048b7018c99b68456f91b4aa42ce288f0c0774",
        "type": "github"
      },
      "original": {
        "owner": "nanotee",
        "repo": "sqls.nvim",
        "type": "github"
      }
    },
    "telescope": {
      "flake": false,
      "locked": {
        "lastModified": 1674377873,
        "narHash": "sha256-ieiCpHHWcjqHeGzpyZVTOCByHFa3qYclIzhz++FcR40=",
        "owner": "nvim-telescope",
        "repo": "telescope.nvim",
        "rev": "053f2303c4fac5c45a56b9de0a7481b7db94d6ba",
        "type": "github"
      },
      "original": {
        "owner": "nvim-telescope",
        "repo": "telescope.nvim",
        "type": "github"
      }
    },
    "todo-comments": {
      "flake": false,
      "locked": {
        "lastModified": 1672860956,
        "narHash": "sha256-GdasPLHjWpva16plbA+WM8oV5sCen6+sGjVjxRukb78=",
        "owner": "folke",
        "repo": "todo-comments.nvim",
        "rev": "077c59586d9d0726b0696dc5680eb863f4e04bc5",
        "type": "github"
      },
      "original": {
        "owner": "folke",
        "repo": "todo-comments.nvim",
        "type": "github"
      }
    },
    "tokyonight": {
      "flake": false,
      "locked": {
        "lastModified": 1674050813,
        "narHash": "sha256-3M2PKyxGIIRQLq6CQikCgF9j0wCa9qqYkLqKuEBbkVA=",
        "owner": "folke",
        "repo": "tokyonight.nvim",
        "rev": "4071f7fa984859c5de7a1fd27069b99c3a0d802a",
        "type": "github"
      },
      "original": {
        "owner": "folke",
        "repo": "tokyonight.nvim",
        "type": "github"
      }
    },
    "trouble": {
      "flake": false,
      "locked": {
        "lastModified": 1674115431,
        "narHash": "sha256-2iV2G+JlGNS4O7HQqRKsL+DRFZNyrmY3vKHmRubnUHI=",
        "owner": "folke",
        "repo": "trouble.nvim",
        "rev": "b2a0afac2c319a481f0f0318963a74d672ba5766",
        "type": "github"
      },
      "original": {
        "owner": "folke",
        "repo": "trouble.nvim",
        "type": "github"
      }
    },
    "ts-build": {
      "inputs": {
        "flake-utils": "flake-utils_3",
        "nixpkgs": "nixpkgs_2"
      },
      "locked": {
        "lastModified": 1669771646,
        "narHash": "sha256-IfH9zCq0+QpAB8D1ClhISfWcR59mSDsi91/2NW0RWfs=",
        "owner": "pta2002",
        "repo": "build-ts-grammar.nix",
        "rev": "bba8a5b14a4632f25411dbf0fb01de69e999ce82",
        "type": "github"
      },
      "original": {
        "owner": "pta2002",
        "repo": "build-ts-grammar.nix",
        "type": "github"
      }
    },
    "vim-alloy": {
      "flake": false,
      "locked": {
        "lastModified": 1487573231,
        "narHash": "sha256-XO8HXFxeM5nYsztluGF6ljwhWf5JanUWDaBOEOYOHZQ=",
        "owner": "lorin",
        "repo": "vim-alloy",
        "rev": "b60251d5d32e055cc843a94d87ab770abc5a6f5b",
        "type": "github"
      },
      "original": {
        "owner": "lorin",
        "repo": "vim-alloy",
        "type": "github"
      }
    },
    "vim-plantuml": {
      "flake": false,
      "locked": {
        "lastModified": 1661550240,
        "narHash": "sha256-LowGc66T47vOL4oAihrArNqGUZ+CCbyVXEROO83OTjQ=",
        "owner": "aklt",
        "repo": "plantuml-syntax",
        "rev": "845abb56dcd3f12afa6eb47684ef5ba3055802b8",
        "type": "github"
      },
      "original": {
        "owner": "aklt",
        "repo": "plantuml-syntax",
        "type": "github"
      }
    },
    "vimagit": {
      "flake": false,
      "locked": {
        "lastModified": 1656880155,
        "narHash": "sha256-fhazQQqyFaO0fdoeNI9nBshwTDhKNHH262H/QThtuO0=",
        "owner": "jreybert",
        "repo": "vimagit",
        "rev": "308650ddc1e9a94e49fae0ea04bbc1c45f23d4c4",
        "type": "github"
      },
      "original": {
        "owner": "jreybert",
        "repo": "vimagit",
        "type": "github"
      }
    }
  },
  "root": "root",
  "version": 7
}
